<?xml version="1.0" encoding="utf-8"?>
<Project ToolsVersion="4.0" xmlns="http://schemas.microsoft.com/developer/msbuild/2003">
  <ItemGroup>
    <Filter Include="Source Files">
      <UniqueIdentifier>{4FC737F1-C7A5-4376-A066-2A32D752A2FF}</UniqueIdentifier>
      <Extensions>cpp;c;cc;cxx;c++;def;odl;idl;hpj;bat;asm;asmx</Extensions>
    </Filter>
    <Filter Include="Header Files">
      <UniqueIdentifier>{93995380-89BD-4b04-88EB-625FBE52EBFB}</UniqueIdentifier>
      <Extensions>h;hh;hpp;hxx;h++;hm;inl;inc;ipp;xsd</Extensions>
    </Filter>
    <Filter Include="Resource Files">
      <UniqueIdentifier>{67DA6AB6-F800-4c08-8B7A-83BB121AAD01}</UniqueIdentifier>
      <Extensions>rc;ico;cur;bmp;dlg;rc2;rct;bin;rgs;gif;jpg;jpeg;jpe;resx;tiff;tif;png;wav;mfcribbon-ms</Extensions>
    </Filter>
    <Filter Include="Source Files\interactables">
      <UniqueIdentifier>{d305e16f-e5ad-4c93-9675-c5e6849d7fb4}</UniqueIdentifier>
    </Filter>
    <Filter Include="Header Files\interactables">
      <UniqueIdentifier>{d0b3a22c-1436-4510-bba2-8d414bf63ed5}</UniqueIdentifier>
    </Filter>
    <Filter Include="Header Files\interactables\sprite">
      <UniqueIdentifier>{903ad21e-3a13-4b80-b1d2-f443e83d23f8}</UniqueIdentifier>
    </Filter>
    <Filter Include="Source Files\interactables\sprite">
      <UniqueIdentifier>{023571a2-b93e-47ef-a454-c0da132d3771}</UniqueIdentifier>
    </Filter>
  </ItemGroup>
  <ItemGroup>
    <ClCompile Include="menu.cpp">
      <Filter>Source Files</Filter>
    </ClCompile>
    <ClCompile Include="interactables\interactable.cpp">
      <Filter>Source Files\interactables</Filter>
    </ClCompile>
    <ClCompile Include="interactables\imageButton.cpp">
      <Filter>Source Files\interactables</Filter>
    </ClCompile>
    <ClCompile Include="interactables\textButton.cpp">
      <Filter>Source Files\interactables</Filter>
    </ClCompile>
    <ClCompile Include="animation.cpp">
      <Filter>Source Files\interactables\sprite</Filter>
    </ClCompile>
    <ClCompile Include="interactables\sprite.cpp">
      <Filter>Source Files\interactables\sprite</Filter>
    </ClCompile>
  </ItemGroup>
  <ItemGroup>
    <ClInclude Include="sfml_logic.hpp">
      <Filter>Header Files</Filter>
    </ClInclude>
    <ClInclude Include="interactables\interactable.hpp">
      <Filter>Header Files\interactables</Filter>
    </ClInclude>
    <ClInclude Include="interactables\textButton.hpp">
      <Filter>Header Files\interactables</Filter>
    </ClInclude>
    <ClInclude Include="interactables\imageButton.hpp">
      <Filter>Header Files\interactables</Filter>
    </ClInclude>
    <ClInclude Include="interactables\sprite.hpp">
      <Filter>Header Files\interactables\sprite</Filter>
    </ClInclude>
    <ClInclude Include="animation.hpp">
      <Filter>Header Files\interactables\sprite</Filter>
    </ClInclude>
  </ItemGroup>
</Project>